
Microsoft Visual Studio Solution File, Format Version 12.00
# Visual Studio Version 16
VisualStudioVersion = 16.0.30320.27
MinimumVisualStudioVersion = 10.0.40219.1
Project("{9A19103F-16F7-4668-BE54-9A1E7A4F7556}") = "Tsctest.Dal", "Tsctest.Dal\Tsctest.Dal.csproj", "{2B55C3E1-D089-4A81-A884-0728262C735F}"
EndProject
Project("{9A19103F-16F7-4668-BE54-9A1E7A4F7556}") = "Tsctest.Core", "Tsctest.Core\Tsctest.Core.csproj", "{4498B485-FAE1-4E7E-A229-F68981112D46}"
EndProject
Project("{9A19103F-16F7-4668-BE54-9A1E7A4F7556}") = "Tsctest.WebApi", "Tsctest.WebApi\Tsctest.WebApi.csproj", "{04C88052-3E6C-43A5-87FE-6CA01FABF288}"
EndProject
Project("{9A19103F-16F7-4668-BE54-9A1E7A4F7556}") = "Tsctest.Test", "Tsctest.Test\Tsctest.Test.csproj", "{5A7B567B-4628-4FD1-ABFA-5D4F3EC8C5F5}"
EndProject
Project("{FAE04EC0-301F-11D3-BF4B-00C04F79EFBC}") = "Tsctest.Web", "Tsctest.Web\Tsctest.Web.csproj", "{E6402959-6439-4767-B04D-2C198800BBED}"
EndProject
Global
	GlobalSection(SolutionConfigurationPlatforms) = preSolution
		Debug|Any CPU = Debug|Any CPU
		Release|Any CPU = Release|Any CPU
	EndGlobalSection
	GlobalSection(ProjectConfigurationPlatforms) = postSolution
		{2B55C3E1-D089-4A81-A884-0728262C735F}.Debug|Any CPU.ActiveCfg = Debug|Any CPU
		{2B55C3E1-D089-4A81-A884-0728262C735F}.Debug|Any CPU.Build.0 = Debug|Any CPU
		{2B55C3E1-D089-4A81-A884-0728262C735F}.Release|Any CPU.ActiveCfg = Release|Any CPU
		{2B55C3E1-D089-4A81-A884-0728262C735F}.Release|Any CPU.Build.0 = Release|Any CPU
		{4498B485-FAE1-4E7E-A229-F68981112D46}.Debug|Any CPU.ActiveCfg = Debug|Any CPU
		{4498B485-FAE1-4E7E-A229-F68981112D46}.Debug|Any CPU.Build.0 = Debug|Any CPU
		{4498B485-FAE1-4E7E-A229-F68981112D46}.Release|Any CPU.ActiveCfg = Release|Any CPU
		{4498B485-FAE1-4E7E-A229-F68981112D46}.Release|Any CPU.Build.0 = Release|Any CPU
		{04C88052-3E6C-43A5-87FE-6CA01FABF288}.Debug|Any CPU.ActiveCfg = Debug|Any CPU
		{04C88052-3E6C-43A5-87FE-6CA01FABF288}.Debug|Any CPU.Build.0 = Debug|Any CPU
		{04C88052-3E6C-43A5-87FE-6CA01FABF288}.Release|Any CPU.ActiveCfg = Release|Any CPU
		{04C88052-3E6C-43A5-87FE-6CA01FABF288}.Release|Any CPU.Build.0 = Release|Any CPU
		{5A7B567B-4628-4FD1-ABFA-5D4F3EC8C5F5}.Debug|Any CPU.ActiveCfg = Debug|Any CPU
		{5A7B567B-4628-4FD1-ABFA-5D4F3EC8C5F5}.Debug|Any CPU.Build.0 = Debug|Any CPU
		{5A7B567B-4628-4FD1-ABFA-5D4F3EC8C5F5}.Release|Any CPU.ActiveCfg = Release|Any CPU
		{5A7B567B-4628-4FD1-ABFA-5D4F3EC8C5F5}.Release|Any CPU.Build.0 = Release|Any CPU
		{E6402959-6439-4767-B04D-2C198800BBED}.Debug|Any CPU.ActiveCfg = Debug|Any CPU
		{E6402959-6439-4767-B04D-2C198800BBED}.Debug|Any CPU.Build.0 = Debug|Any CPU
		{E6402959-6439-4767-B04D-2C198800BBED}.Release|Any CPU.ActiveCfg = Release|Any CPU
		{E6402959-6439-4767-B04D-2C198800BBED}.Release|Any CPU.Build.0 = Release|Any CPU
	EndGlobalSection
	GlobalSection(SolutionProperties) = preSolution
		HideSolutionNode = FALSE
	EndGlobalSection
	GlobalSection(ExtensibilityGlobals) = postSolution
		SolutionGuid = {56FF53BE-3C33-4F97-9A7A-E20B412A015C}
	EndGlobalSection
EndGlobal
